
Microsoft Visual Studio Solution File, Format Version 12.00
# Visual Studio Version 16
VisualStudioVersion = 16.0.30907.101
MinimumVisualStudioVersion = 10.0.40219.1
Project("{8BC9CEB8-8B4A-11D0-8D11-00A0C91BC942}") = "Lab15", "Lab15.vcxproj", "{146CB554-B149-4971-A867-FFAFAC0FE0A5}"
EndProject
Global
	GlobalSection(SolutionConfigurationPlatforms) = preSolution
		Debug|x64 = Debug|x64
		Debug|x86 = Debug|x86
		Release|x64 = Release|x64
		Release|x86 = Release|x86
	EndGlobalSection
	GlobalSection(ProjectConfigurationPlatforms) = postSolution
		{146CB554-B149-4971-A867-FFAFAC0FE0A5}.Debug|x64.ActiveCfg = Debug|x64
		{146CB554-B149-4971-A867-FFAFAC0FE0A5}.Debug|x64.Build.0 = Debug|x64
		{146CB554-B149-4971-A867-FFAFAC0FE0A5}.Debug|x86.ActiveCfg = Debug|Win32
		{146CB554-B149-4971-A867-FFAFAC0FE0A5}.Debug|x86.Build.0 = Debug|Win32
		{146CB554-B149-4971-A867-FFAFAC0FE0A5}.Release|x64.ActiveCfg = Release|x64
		{146CB554-B149-4971-A867-FFAFAC0FE0A5}.Release|x64.Build.0 = Release|x64
		{146CB554-B149-4971-A867-FFAFAC0FE0A5}.Release|x86.ActiveCfg = Release|Win32
		{146CB554-B149-4971-A867-FFAFAC0FE0A5}.Release|x86.Build.0 = Release|Win32
	EndGlobalSection
	GlobalSection(SolutionProperties) = preSolution
		HideSolutionNode = FALSE
	EndGlobalSection
	GlobalSection(ExtensibilityGlobals) = postSolution
		SolutionGuid = {FE7F94AC-2030-4211-8A26-33AC2E2BE24D}
	EndGlobalSection
EndGlobal
